
Microsoft Visual Studio Solution File, Format Version 12.00
# Visual Studio Version 17
VisualStudioVersion = 17.7.34221.43
MinimumVisualStudioVersion = 10.0.40219.1
Project("{2150E333-8FDC-42A3-9474-1A3956D46DE8}") = "src", "src", "{0DE38DDA-934D-4CCA-9627-5B72DFE2427E}"
EndProject
Project("{2150E333-8FDC-42A3-9474-1A3956D46DE8}") = "tests", "tests", "{7794D101-9046-40C5-BE89-765F6A3F0909}"
EndProject
Project("{9A19103F-16F7-4668-BE54-9A1E7A4F7556}") = "Blog.Domain.Domain", "src\Blog.Domain.Domain\Blog.Domain.Domain.csproj", "{DD111963-BF19-43BB-BA1F-9AC45DCDA0C5}"
EndProject
Project("{9A19103F-16F7-4668-BE54-9A1E7A4F7556}") = "Blog.Domain.Application", "src\Blog.Domain.Application\Blog.Domain.Application.csproj", "{1987FE13-A1CA-40E5-B942-4D3E32E22DAC}"
EndProject
Project("{2150E333-8FDC-42A3-9474-1A3956D46DE8}") = "_BuildingBlocks", "_BuildingBlocks", "{93D01B20-03F8-4014-9567-BD0326BDDAD5}"
EndProject
Project("{9A19103F-16F7-4668-BE54-9A1E7A4F7556}") = "BuildingBlocks.Domain", "src\BuildingBlocks.Domain\BuildingBlocks.Domain.csproj", "{101A7ABE-ACAA-40C7-8F25-B7F819010B9C}"
EndProject
Project("{9A19103F-16F7-4668-BE54-9A1E7A4F7556}") = "BuildingBlocks.Application", "src\BuildingBlocks.Application\BuildingBlocks.Application.csproj", "{B9177173-8611-450E-AAB4-6456408D370A}"
EndProject
Project("{9A19103F-16F7-4668-BE54-9A1E7A4F7556}") = "Blog.API", "src\Blog.API\Blog.API.csproj", "{856023F3-F8DB-4F67-B5BD-3F18CE622DE9}"
EndProject
Project("{9A19103F-16F7-4668-BE54-9A1E7A4F7556}") = "Blog.Domain.Infrastructure", "src\Blog.Domain.Infrastructure\Blog.Domain.Infrastructure.csproj", "{C147E9FD-4302-4A0A-A99D-D63757B0E87D}"
EndProject
Project("{2150E333-8FDC-42A3-9474-1A3956D46DE8}") = "requests", "requests", "{A45786C5-E774-4913-B8A2-61E93D968B89}"
	ProjectSection(SolutionItems) = preProject
		requests\http-client.env.json = requests\http-client.env.json
	EndProjectSection
EndProject
Project("{2150E333-8FDC-42A3-9474-1A3956D46DE8}") = "Posts", "Posts", "{00EEAF81-5C6C-48B4-ACDA-98C92C6C44D8}"
	ProjectSection(SolutionItems) = preProject
		requests\Posts.POST.http = requests\Posts.POST.http
	EndProjectSection
EndProject
Global
	GlobalSection(SolutionConfigurationPlatforms) = preSolution
		Debug|Any CPU = Debug|Any CPU
		Release|Any CPU = Release|Any CPU
	EndGlobalSection
	GlobalSection(ProjectConfigurationPlatforms) = postSolution
		{DD111963-BF19-43BB-BA1F-9AC45DCDA0C5}.Debug|Any CPU.ActiveCfg = Debug|Any CPU
		{DD111963-BF19-43BB-BA1F-9AC45DCDA0C5}.Debug|Any CPU.Build.0 = Debug|Any CPU
		{DD111963-BF19-43BB-BA1F-9AC45DCDA0C5}.Release|Any CPU.ActiveCfg = Release|Any CPU
		{DD111963-BF19-43BB-BA1F-9AC45DCDA0C5}.Release|Any CPU.Build.0 = Release|Any CPU
		{1987FE13-A1CA-40E5-B942-4D3E32E22DAC}.Debug|Any CPU.ActiveCfg = Debug|Any CPU
		{1987FE13-A1CA-40E5-B942-4D3E32E22DAC}.Debug|Any CPU.Build.0 = Debug|Any CPU
		{1987FE13-A1CA-40E5-B942-4D3E32E22DAC}.Release|Any CPU.ActiveCfg = Release|Any CPU
		{1987FE13-A1CA-40E5-B942-4D3E32E22DAC}.Release|Any CPU.Build.0 = Release|Any CPU
		{101A7ABE-ACAA-40C7-8F25-B7F819010B9C}.Debug|Any CPU.ActiveCfg = Debug|Any CPU
		{101A7ABE-ACAA-40C7-8F25-B7F819010B9C}.Debug|Any CPU.Build.0 = Debug|Any CPU
		{101A7ABE-ACAA-40C7-8F25-B7F819010B9C}.Release|Any CPU.ActiveCfg = Release|Any CPU
		{101A7ABE-ACAA-40C7-8F25-B7F819010B9C}.Release|Any CPU.Build.0 = Release|Any CPU
		{B9177173-8611-450E-AAB4-6456408D370A}.Debug|Any CPU.ActiveCfg = Debug|Any CPU
		{B9177173-8611-450E-AAB4-6456408D370A}.Debug|Any CPU.Build.0 = Debug|Any CPU
		{B9177173-8611-450E-AAB4-6456408D370A}.Release|Any CPU.ActiveCfg = Release|Any CPU
		{B9177173-8611-450E-AAB4-6456408D370A}.Release|Any CPU.Build.0 = Release|Any CPU
		{856023F3-F8DB-4F67-B5BD-3F18CE622DE9}.Debug|Any CPU.ActiveCfg = Debug|Any CPU
		{856023F3-F8DB-4F67-B5BD-3F18CE622DE9}.Debug|Any CPU.Build.0 = Debug|Any CPU
		{856023F3-F8DB-4F67-B5BD-3F18CE622DE9}.Release|Any CPU.ActiveCfg = Release|Any CPU
		{856023F3-F8DB-4F67-B5BD-3F18CE622DE9}.Release|Any CPU.Build.0 = Release|Any CPU
		{C147E9FD-4302-4A0A-A99D-D63757B0E87D}.Debug|Any CPU.ActiveCfg = Debug|Any CPU
		{C147E9FD-4302-4A0A-A99D-D63757B0E87D}.Debug|Any CPU.Build.0 = Debug|Any CPU
		{C147E9FD-4302-4A0A-A99D-D63757B0E87D}.Release|Any CPU.ActiveCfg = Release|Any CPU
		{C147E9FD-4302-4A0A-A99D-D63757B0E87D}.Release|Any CPU.Build.0 = Release|Any CPU
	EndGlobalSection
	GlobalSection(SolutionProperties) = preSolution
		HideSolutionNode = FALSE
	EndGlobalSection
	GlobalSection(NestedProjects) = preSolution
		{DD111963-BF19-43BB-BA1F-9AC45DCDA0C5} = {0DE38DDA-934D-4CCA-9627-5B72DFE2427E}
		{1987FE13-A1CA-40E5-B942-4D3E32E22DAC} = {0DE38DDA-934D-4CCA-9627-5B72DFE2427E}
		{101A7ABE-ACAA-40C7-8F25-B7F819010B9C} = {93D01B20-03F8-4014-9567-BD0326BDDAD5}
		{B9177173-8611-450E-AAB4-6456408D370A} = {93D01B20-03F8-4014-9567-BD0326BDDAD5}
		{856023F3-F8DB-4F67-B5BD-3F18CE622DE9} = {0DE38DDA-934D-4CCA-9627-5B72DFE2427E}
		{C147E9FD-4302-4A0A-A99D-D63757B0E87D} = {0DE38DDA-934D-4CCA-9627-5B72DFE2427E}
		{00EEAF81-5C6C-48B4-ACDA-98C92C6C44D8} = {A45786C5-E774-4913-B8A2-61E93D968B89}
	EndGlobalSection
	GlobalSection(ExtensibilityGlobals) = postSolution
		SolutionGuid = {2A4FCC9B-5DB2-4A7F-BA09-4EB219FADADE}
	EndGlobalSection
EndGlobal
